// !$*UTF8*$!
{
	archiveVersion = 1;
	classes = {
	};
	objectVersion = 56;
	objects = {

/* Begin PBXBuildFile section */
		53DA2C972A24D0830077975A /* AppDelegate.swift in Sources */ = {isa = PBXBuildFile; fileRef = 53DA2C962A24D0830077975A /* AppDelegate.swift */; };
		53DA2C992A24D0830077975A /* SceneDelegate.swift in Sources */ = {isa = PBXBuildFile; fileRef = 53DA2C982A24D0830077975A /* SceneDelegate.swift */; };
		53DA2C9B2A24D0830077975A /* ViewController.swift in Sources */ = {isa = PBXBuildFile; fileRef = 53DA2C9A2A24D0830077975A /* ViewController.swift */; };
		53DA2C9E2A24D0830077975A /* Main.storyboard in Resources */ = {isa = PBXBuildFile; fileRef = 53DA2C9C2A24D0830077975A /* Main.storyboard */; };
		53DA2CA02A24D0840077975A /* Assets.xcassets in Resources */ = {isa = PBXBuildFile; fileRef = 53DA2C9F2A24D0840077975A /* Assets.xcassets */; };
		53DA2CA32A24D0840077975A /* LaunchScreen.storyboard in Resources */ = {isa = PBXBuildFile; fileRef = 53DA2CA12A24D0840077975A /* LaunchScreen.storyboard */; };
		53DA2CAB2A24DD590077975A /* AddViewController.swift in Sources */ = {isa = PBXBuildFile; fileRef = 53DA2CAA2A24DD590077975A /* AddViewController.swift */; };
		53DA2CAD2A24DDD20077975A /* MinusViewController.swift in Sources */ = {isa = PBXBuildFile; fileRef = 53DA2CAC2A24DDD20077975A /* MinusViewController.swift */; };
/* End PBXBuildFile section */

/* Begin PBXFileReference section */
		53DA2C932A24D0830077975A /* HinakkoKadai7.app */ = {isa = PBXFileReference; explicitFileType = wrapper.application; includeInIndex = 0; path = HinakkoKadai7.app; sourceTree = BUILT_PRODUCTS_DIR; };
		53DA2C962A24D0830077975A /* AppDelegate.swift */ = {isa = PBXFileReference; lastKnownFileType = sourcecode.swift; path = AppDelegate.swift; sourceTree = "<group>"; };
		53DA2C982A24D0830077975A /* SceneDelegate.swift */ = {isa = PBXFileReference; lastKnownFileType = sourcecode.swift; path = SceneDelegate.swift; sourceTree = "<group>"; };
		53DA2C9A2A24D0830077975A /* ViewController.swift */ = {isa = PBXFileReference; lastKnownFileType = sourcecode.swift; path = ViewController.swift; sourceTree = "<group>"; };
		53DA2C9D2A24D0830077975A /* Base */ = {isa = PBXFileReference; lastKnownFileType = file.storyboard; name = Base; path = Base.lproj/Main.storyboard; sourceTree = "<group>"; };
		53DA2C9F2A24D0840077975A /* Assets.xcassets */ = {isa = PBXFileReference; lastKnownFileType = folder.assetcatalog; path = Assets.xcassets; sourceTree = "<group>"; };
		53DA2CA22A24D0840077975A /* Base */ = {isa = PBXFileReference; lastKnownFileType = file.storyboard; name = Base; path = Base.lproj/LaunchScreen.storyboard; sourceTree = "<group>"; };
		53DA2CA42A24D0840077975A /* Info.plist */ = {isa = PBXFileReference; lastKnownFileType = text.plist.xml; path = Info.plist; sourceTree = "<group>"; };
		53DA2CAA2A24DD590077975A /* AddViewController.swift */ = {isa = PBXFileReference; lastKnownFileType = sourcecode.swift; path = AddViewController.swift; sourceTree = "<group>"; };
		53DA2CAC2A24DDD20077975A /* MinusViewController.swift */ = {isa = PBXFileReference; lastKnownFileType = sourcecode.swift; path = MinusViewController.swift; sourceTree = "<group>"; };
/* End PBXFileReference section */

/* Begin PBXFrameworksBuildPhase section */
		53DA2C902A24D0830077975A /* Frameworks */ = {
			isa = PBXFrameworksBuildPhase;
			buildActionMask = 2147483647;
			files = (
			);
			runOnlyForDeploymentPostprocessing = 0;
		};
/* End PBXFrameworksBuildPhase section */

/* Begin PBXGroup section */
		53DA2C8A2A24D0830077975A = {
			isa = PBXGroup;
			children = (
				53DA2C952A24D0830077975A /* HinakkoKadai7 */,
				53DA2C942A24D0830077975A /* Products */,
			);
			sourceTree = "<group>";
		};
		53DA2C942A24D0830077975A /* Products */ = {
			isa = PBXGroup;
			children = (
				53DA2C932A24D0830077975A /* HinakkoKadai7.app */,
			);
			name = Products;
			sourceTree = "<group>";
		};
		53DA2C952A24D0830077975A /* HinakkoKadai7 */ = {
			isa = PBXGroup;
			children = (
				53DA2C962A24D0830077975A /* AppDelegate.swift */,
				53DA2C982A24D0830077975A /* SceneDelegate.swift */,
				53DA2C9A2A24D0830077975A /* ViewController.swift */,
				53DA2CAA2A24DD590077975A /* AddViewController.swift */,
				53DA2CAC2A24DDD20077975A /* MinusViewController.swift */,
				53DA2C9C2A24D0830077975A /* Main.storyboard */,
				53DA2C9F2A24D0840077975A /* Assets.xcassets */,
				53DA2CA12A24D0840077975A /* LaunchScreen.storyboard */,
				53DA2CA42A24D0840077975A /* Info.plist */,
			);
			path = HinakkoKadai7;
			sourceTree = "<group>";
		};
/* End PBXGroup section */

/* Begin PBXNativeTarget section */
		53DA2C922A24D0830077975A /* HinakkoKadai7 */ = {
			isa = PBXNativeTarget;
			buildConfigurationList = 53DA2CA72A24D0840077975A /* Build configuration list for PBXNativeTarget "HinakkoKadai7" */;
			buildPhases = (
				53DA2C8F2A24D0830077975A /* Sources */,
				53DA2C902A24D0830077975A /* Frameworks */,
				53DA2C912A24D0830077975A /* Resources */,
			);
			buildRules = (
			);
			dependencies = (
			);
			name = HinakkoKadai7;
			productName = HinakkoKadai7;
			productReference = 53DA2C932A24D0830077975A /* HinakkoKadai7.app */;
			productType = "com.apple.product-type.application";
		};
/* End PBXNativeTarget section */

/* Begin PBXProject section */
		53DA2C8B2A24D0830077975A /* Project object */ = {
			isa = PBXProject;
			attributes = {
				BuildIndependentTargetsInParallel = 1;
				LastSwiftUpdateCheck = 1430;
				LastUpgradeCheck = 1430;
				TargetAttributes = {
					53DA2C922A24D0830077975A = {
						CreatedOnToolsVersion = 14.3;
					};
				};
			};
			buildConfigurationList = 53DA2C8E2A24D0830077975A /* Build configuration list for PBXProject "HinakkoKadai7" */;
			compatibilityVersion = "Xcode 14.0";
			developmentRegion = en;
			hasScannedForEncodings = 0;
			knownRegions = (
				en,
				Base,
			);
			mainGroup = 53DA2C8A2A24D0830077975A;
			productRefGroup = 53DA2C942A24D0830077975A /* Products */;
			projectDirPath = "";
			projectRoot = "";
			targets = (
				53DA2C922A24D0830077975A /* HinakkoKadai7 */,
			);
		};
/* End PBXProject section */

/* Begin PBXResourcesBuildPhase section */
		53DA2C912A24D0830077975A /* Resources */ = {
			isa = PBXResourcesBuildPhase;
			buildActionMask = 2147483647;
			files = (
				53DA2CA32A24D0840077975A /* LaunchScreen.storyboard in Resources */,
				53DA2CA02A24D0840077975A /* Assets.xcassets in Resources */,
				53DA2C9E2A24D0830077975A /* Main.storyboard in Resources */,
			);
			runOnlyForDeploymentPostprocessing = 0;
		};
/* End PBXResourcesBuildPhase section */

/* Begin PBXSourcesBuildPhase section */
		53DA2C8F2A24D0830077975A /* Sources */ = {
			isa = PBXSourcesBuildPhase;
			buildActionMask = 2147483647;
			files = (
				53DA2CAD2A24DDD20077975A /* MinusViewController.swift in Sources */,
				53DA2C9B2A24D0830077975A /* ViewController.swift in Sources */,
				53DA2C972A24D0830077975A /* AppDelegate.swift in Sources */,
				53DA2CAB2A24DD590077975A /* AddViewController.swift in Sources */,
				53DA2C992A24D0830077975A /* SceneDelegate.swift in Sources */,
			);
			runOnlyForDeploymentPostprocessing = 0;
		};
/* End PBXSourcesBuildPhase section */

/* Begin PBXVariantGroup section */
		53DA2C9C2A24D0830077975A /* Main.storyboard */ = {
			isa = PBXVariantGroup;
			children = (
				53DA2C9D2A24D0830077975A /* Base */,
			);
			name = Main.storyboard;
			sourceTree = "<group>";
		};
		53DA2CA12A24D0840077975A /* LaunchScreen.storyboard */ = {
			isa = PBXVariantGroup;
			children = (
				53DA2CA22A24D0840077975A /* Base */,
			);
			name = LaunchScreen.storyboard;
			sourceTree = "<group>";
		};
/* End PBXVariantGroup section */

/* Begin XCBuildConfiguration section */
		53DA2CA52A24D0840077975A /* Debug */ = {
			isa = XCBuildConfiguration;
			buildSettings = {
				ALWAYS_SEARCH_USER_PATHS = NO;
				CLANG_ANALYZER_NONNULL = YES;
				CLANG_ANALYZER_NUMBER_OBJECT_CONVERSION = YES_AGGRESSIVE;
				CLANG_CXX_LANGUAGE_STANDARD = "gnu++20";
				CLANG_ENABLE_MODULES = YES;
				CLANG_ENABLE_OBJC_ARC = YES;
				CLANG_ENABLE_OBJC_WEAK = YES;
				CLANG_WARN_BLOCK_CAPTURE_AUTORELEASING = YES;
				CLANG_WARN_BOOL_CONVERSION = YES;
				CLANG_WARN_COMMA = YES;
				CLANG_WARN_CONSTANT_CONVERSION = YES;
				CLANG_WARN_DEPRECATED_OBJC_IMPLEMENTATIONS = YES;
				CLANG_WARN_DIRECT_OBJC_ISA_USAGE = YES_ERROR;
				CLANG_WARN_DOCUMENTATION_COMMENTS = YES;
				CLANG_WARN_EMPTY_BODY = YES;
				CLANG_WARN_ENUM_CONVERSION = YES;
				CLANG_WARN_INFINITE_RECURSION = YES;
				CLANG_WARN_INT_CONVERSION = YES;
				CLANG_WARN_NON_LITERAL_NULL_CONVERSION = YES;
				CLANG_WARN_OBJC_IMPLICIT_RETAIN_SELF = YES;
				CLANG_WARN_OBJC_LITERAL_CONVERSION = YES;
				CLANG_WARN_OBJC_ROOT_CLASS = YES_ERROR;
				CLANG_WARN_QUOTED_INCLUDE_IN_FRAMEWORK_HEADER = YES;
				CLANG_WARN_RANGE_LOOP_ANALYSIS = YES;
				CLANG_WARN_STRICT_PROTOTYPES = YES;
				CLANG_WARN_SUSPICIOUS_MOVE = YES;
				CLANG_WARN_UNGUARDED_AVAILABILITY = YES_AGGRESSIVE;
				CLANG_WARN_UNREACHABLE_CODE = YES;
				CLANG_WARN__DUPLICATE_METHOD_MATCH = YES;
				COPY_PHASE_STRIP = NO;
				DEBUG_INFORMATION_FORMAT = dwarf;
				ENABLE_STRICT_OBJC_MSGSEND = YES;
				ENABLE_TESTABILITY = YES;
				GCC_C_LANGUAGE_STANDARD = gnu11;
				GCC_DYNAMIC_NO_PIC = NO;
				GCC_NO_COMMON_BLOCKS = YES;
				GCC_OPTIMIZATION_LEVEL = 0;
				GCC_PREPROCESSOR_DEFINITIONS = (
					"DEBUG=1",
					"$(inherited)",
				);
				GCC_WARN_64_TO_32_BIT_CONVERSION = YES;
				GCC_WARN_ABOUT_RETURN_TYPE = YES_ERROR;
				GCC_WARN_UNDECLARED_SELECTOR = YES;
				GCC_WARN_UNINITIALIZED_AUTOS = YES_AGGRESSIVE;
				GCC_WARN_UNUSED_FUNCTION = YES;
				GCC_WARN_UNUSED_VARIABLE = YES;
				IPHONEOS_DEPLOYMENT_TARGET = 16.4;
				MTL_ENABLE_DEBUG_INFO = INCLUDE_SOURCE;
				MTL_FAST_MATH = YES;
				ONLY_ACTIVE_ARCH = YES;
				SDKROOT = iphoneos;
				SWIFT_ACTIVE_COMPILATION_CONDITIONS = DEBUG;
				SWIFT_OPTIMIZATION_LEVEL = "-Onone";
			};
			name = Debug;
		};
		53DA2CA62A24D0840077975A /* Release */ = {
			isa = XCBuildConfiguration;
			buildSettings = {
				ALWAYS_SEARCH_USER_PATHS = NO;
				CLANG_ANALYZER_NONNULL = YES;
				CLANG_ANALYZER_NUMBER_OBJECT_CONVERSION = YES_AGGRESSIVE;
				CLANG_CXX_LANGUAGE_STANDARD = "gnu++20";
				CLANG_ENABLE_MODULES = YES;
				CLANG_ENABLE_OBJC_ARC = YES;
				CLANG_ENABLE_OBJC_WEAK = YES;
				CLANG_WARN_BLOCK_CAPTURE_AUTORELEASING = YES;
				CLANG_WARN_BOOL_CONVERSION = YES;
				CLANG_WARN_COMMA = YES;
				CLANG_WARN_CONSTANT_CONVERSION = YES;
				CLANG_WARN_DEPRECATED_OBJC_IMPLEMENTATIONS = YES;
				CLANG_WARN_DIRECT_OBJC_ISA_USAGE = YES_ERROR;
				CLANG_WARN_DOCUMENTATION_COMMENTS = YES;
				CLANG_WARN_EMPTY_BODY = YES;
				CLANG_WARN_ENUM_CONVERSION = YES;
				CLANG_WARN_INFINITE_RECURSION = YES;
				CLANG_WARN_INT_CONVERSION = YES;
				CLANG_WARN_NON_LITERAL_NULL_CONVERSION = YES;
				CLANG_WARN_OBJC_IMPLICIT_RETAIN_SELF = YES;
				CLANG_WARN_OBJC_LITERAL_CONVERSION = YES;
				CLANG_WARN_OBJC_ROOT_CLASS = YES_ERROR;
				CLANG_WARN_QUOTED_INCLUDE_IN_FRAMEWORK_HEADER = YES;
				CLANG_WARN_RANGE_LOOP_ANALYSIS = YES;
				CLANG_WARN_STRICT_PROTOTYPES = YES;
				CLANG_WARN_SUSPICIOUS_MOVE = YES;
				CLANG_WARN_UNGUARDED_AVAILABILITY = YES_AGGRESSIVE;
				CLANG_WARN_UNREACHABLE_CODE = YES;
				CLANG_WARN__DUPLICATE_METHOD_MATCH = YES;
				COPY_PHASE_STRIP = NO;
				DEBUG_INFORMATION_FORMAT = "dwarf-with-dsym";
				ENABLE_NS_ASSERTIONS = NO;
				ENABLE_STRICT_OBJC_MSGSEND = YES;
				GCC_C_LANGUAGE_STANDARD = gnu11;
				GCC_NO_COMMON_BLOCKS = YES;
				GCC_WARN_64_TO_32_BIT_CONVERSION = YES;
				GCC_WARN_ABOUT_RETURN_TYPE = YES_ERROR;
				GCC_WARN_UNDECLARED_SELECTOR = YES;
				GCC_WARN_UNINITIALIZED_AUTOS = YES_AGGRESSIVE;
				GCC_WARN_UNUSED_FUNCTION = YES;
				GCC_WARN_UNUSED_VARIABLE = YES;
				IPHONEOS_DEPLOYMENT_TARGET = 16.4;
				MTL_ENABLE_DEBUG_INFO = NO;
				MTL_FAST_MATH = YES;
				SDKROOT = iphoneos;
				SWIFT_COMPILATION_MODE = wholemodule;
				SWIFT_OPTIMIZATION_LEVEL = "-O";
				VALIDATE_PRODUCT = YES;
			};
			name = Release;
		};
		53DA2CA82A24D0840077975A /* Debug */ = {
			isa = XCBuildConfiguration;
			buildSettings = {
				ASSETCATALOG_COMPILER_APPICON_NAME = AppIcon;
				ASSETCATALOG_COMPILER_GLOBAL_ACCENT_COLOR_NAME = AccentColor;
				CODE_SIGN_STYLE = Automatic;
				CURRENT_PROJECT_VERSION = 1;
				GENERATE_INFOPLIST_FILE = YES;
				INFOPLIST_FILE = HinakkoKadai7/Info.plist;
				INFOPLIST_KEY_UIApplicationSupportsIndirectInputEvents = YES;
				INFOPLIST_KEY_UILaunchStoryboardName = LaunchScreen;
				INFOPLIST_KEY_UIMainStoryboardFile = Main;
				INFOPLIST_KEY_UISupportedInterfaceOrientations_iPad = "UIInterfaceOrientationPortrait UIInterfaceOrientationPortraitUpsideDown UIInterfaceOrientationLandscapeLeft UIInterfaceOrientationLandscapeRight";
				INFOPLIST_KEY_UISupportedInterfaceOrientations_iPhone = "UIInterfaceOrientationPortrait UIInterfaceOrientationLandscapeLeft UIInterfaceOrientationLandscapeRight";
				LD_RUNPATH_SEARCH_PATHS = (
					"$(inherited)",
					"@executable_path/Frameworks",
				);
				MARKETING_VERSION = 1.0;
				PRODUCT_BUNDLE_IDENTIFIER = com.hinaf0224.HinakkoKadai7;
				PRODUCT_NAME = "$(TARGET_NAME)";
				SWIFT_EMIT_LOC_STRINGS = YES;
				SWIFT_VERSION = 5.0;
				TARGETED_DEVICE_FAMILY = "1,2";
			};
			name = Debug;
		};
		53DA2CA92A24D0840077975A /* Release */ = {
			isa = XCBuildConfiguration;
			buildSettings = {
				ASSETCATALOG_COMPILER_APPICON_NAME = AppIcon;
				ASSETCATALOG_COMPILER_GLOBAL_ACCENT_COLOR_NAME = AccentColor;
				CODE_SIGN_STYLE = Automatic;
				CURRENT_PROJECT_VERSION = 1;
				GENERATE_INFOPLIST_FILE = YES;
				INFOPLIST_FILE = HinakkoKadai7/Info.plist;
				INFOPLIST_KEY_UIApplicationSupportsIndirectInputEvents = YES;
				INFOPLIST_KEY_UILaunchStoryboardName = LaunchScreen;
				INFOPLIST_KEY_UIMainStoryboardFile = Main;
				INFOPLIST_KEY_UISupportedInterfaceOrientations_iPad = "UIInterfaceOrientationPortrait UIInterfaceOrientationPortraitUpsideDown UIInterfaceOrientationLandscapeLeft UIInterfaceOrientationLandscapeRight";
				INFOPLIST_KEY_UISupportedInterfaceOrientations_iPhone = "UIInterfaceOrientationPortrait UIInterfaceOrientationLandscapeLeft UIInterfaceOrientationLandscapeRight";
				LD_RUNPATH_SEARCH_PATHS = (
					"$(inherited)",
					"@executable_path/Frameworks",
				);
				MARKETING_VERSION = 1.0;
				PRODUCT_BUNDLE_IDENTIFIER = com.hinaf0224.HinakkoKadai7;
				PRODUCT_NAME = "$(TARGET_NAME)";
				SWIFT_EMIT_LOC_STRINGS = YES;
				SWIFT_VERSION = 5.0;
				TARGETED_DEVICE_FAMILY = "1,2";
			};
			name = Release;
		};
/* End XCBuildConfiguration section */

/* Begin XCConfigurationList section */
		53DA2C8E2A24D0830077975A /* Build configuration list for PBXProject "HinakkoKadai7" */ = {
			isa = XCConfigurationList;
			buildConfigurations = (
				53DA2CA52A24D0840077975A /* Debug */,
				53DA2CA62A24D0840077975A /* Release */,
			);
			defaultConfigurationIsVisible = 0;
			defaultConfigurationName = Release;
		};
		53DA2CA72A24D0840077975A /* Build configuration list for PBXNativeTarget "HinakkoKadai7" */ = {
			isa = XCConfigurationList;
			buildConfigurations = (
				53DA2CA82A24D0840077975A /* Debug */,
				53DA2CA92A24D0840077975A /* Release */,
			);
			defaultConfigurationIsVisible = 0;
			defaultConfigurationName = Release;
		};
/* End XCConfigurationList section */
	};
	rootObject = 53DA2C8B2A24D0830077975A /* Project object */;
}
